
Microsoft Visual Studio Solution File, Format Version 12.00
# Visual Studio Version 17
VisualStudioVersion = 17.3.32804.467
MinimumVisualStudioVersion = 10.0.40219.1
Project("{9A19103F-16F7-4668-BE54-9A1E7A4F7556}") = "Model", "Model\Model.csproj", "{24762CAD-B4E2-4ED7-99D8-8C7643DE96DB}"
EndProject
Project("{9A19103F-16F7-4668-BE54-9A1E7A4F7556}") = "Web_Api_Server", "Web_Api_Server\Web_Api_Server.csproj", "{D19B2A0D-F006-43FE-94A8-3824B478D3D7}"
EndProject
Project("{9A19103F-16F7-4668-BE54-9A1E7A4F7556}") = "Web_Client", "Web_Client\Web_Client.csproj", "{BC10670E-A1F6-4585-BE3A-0D61EDD7A0DA}"
EndProject
Global
	GlobalSection(SolutionConfigurationPlatforms) = preSolution
		Debug|Any CPU = Debug|Any CPU
		Release|Any CPU = Release|Any CPU
	EndGlobalSection
	GlobalSection(ProjectConfigurationPlatforms) = postSolution
		{24762CAD-B4E2-4ED7-99D8-8C7643DE96DB}.Debug|Any CPU.ActiveCfg = Debug|Any CPU
		{24762CAD-B4E2-4ED7-99D8-8C7643DE96DB}.Debug|Any CPU.Build.0 = Debug|Any CPU
		{24762CAD-B4E2-4ED7-99D8-8C7643DE96DB}.Release|Any CPU.ActiveCfg = Release|Any CPU
		{24762CAD-B4E2-4ED7-99D8-8C7643DE96DB}.Release|Any CPU.Build.0 = Release|Any CPU
		{D19B2A0D-F006-43FE-94A8-3824B478D3D7}.Debug|Any CPU.ActiveCfg = Debug|Any CPU
		{D19B2A0D-F006-43FE-94A8-3824B478D3D7}.Debug|Any CPU.Build.0 = Debug|Any CPU
		{D19B2A0D-F006-43FE-94A8-3824B478D3D7}.Release|Any CPU.ActiveCfg = Release|Any CPU
		{D19B2A0D-F006-43FE-94A8-3824B478D3D7}.Release|Any CPU.Build.0 = Release|Any CPU
		{BC10670E-A1F6-4585-BE3A-0D61EDD7A0DA}.Debug|Any CPU.ActiveCfg = Debug|Any CPU
		{BC10670E-A1F6-4585-BE3A-0D61EDD7A0DA}.Debug|Any CPU.Build.0 = Debug|Any CPU
		{BC10670E-A1F6-4585-BE3A-0D61EDD7A0DA}.Release|Any CPU.ActiveCfg = Release|Any CPU
		{BC10670E-A1F6-4585-BE3A-0D61EDD7A0DA}.Release|Any CPU.Build.0 = Release|Any CPU
	EndGlobalSection
	GlobalSection(SolutionProperties) = preSolution
		HideSolutionNode = FALSE
	EndGlobalSection
	GlobalSection(ExtensibilityGlobals) = postSolution
		SolutionGuid = {EE5B5692-5F4A-4C42-B128-93BDB6F38F11}
	EndGlobalSection
EndGlobal
